
Microsoft Visual Studio Solution File, Format Version 12.00
# Visual Studio 15
VisualStudioVersion = 15.0.28307.271
MinimumVisualStudioVersion = 10.0.40219.1
Project("{FAE04EC0-301F-11D3-BF4B-00C04F79EFBC}") = "JuniorDevCSharp", "JuniorDevCSharp\JuniorDevCSharp.csproj", "{47E16B3C-2CD9-4B00-BDD7-24605E61E92D}"
EndProject
Global
	GlobalSection(SolutionConfigurationPlatforms) = preSolution
		Debug|Any CPU = Debug|Any CPU
		Release|Any CPU = Release|Any CPU
	EndGlobalSection
	GlobalSection(ProjectConfigurationPlatforms) = postSolution
		{47E16B3C-2CD9-4B00-BDD7-24605E61E92D}.Debug|Any CPU.ActiveCfg = Debug|Any CPU
		{47E16B3C-2CD9-4B00-BDD7-24605E61E92D}.Debug|Any CPU.Build.0 = Debug|Any CPU
		{47E16B3C-2CD9-4B00-BDD7-24605E61E92D}.Release|Any CPU.ActiveCfg = Release|Any CPU
		{47E16B3C-2CD9-4B00-BDD7-24605E61E92D}.Release|Any CPU.Build.0 = Release|Any CPU
	EndGlobalSection
	GlobalSection(SolutionProperties) = preSolution
		HideSolutionNode = FALSE
	EndGlobalSection
	GlobalSection(ExtensibilityGlobals) = postSolution
		SolutionGuid = {6FEEFC1A-E2B4-4FA6-A55D-0673A87213CE}
	EndGlobalSection
EndGlobal
